
Microsoft Visual Studio Solution File, Format Version 12.00
# Visual Studio Version 17
VisualStudioVersion = 17.5.002.0
MinimumVisualStudioVersion = 10.0.40219.1
Project("{9A19103F-16F7-4668-BE54-9A1E7A4F7556}") = "tl1-tp8-2024-jorgedonaire", "tl1-tp8-2024-jorgedonaire.csproj", "{C3D9E4F5-49AD-4B13-88EC-50E372399D39}"
EndProject
Global
	GlobalSection(SolutionConfigurationPlatforms) = preSolution
		Debug|Any CPU = Debug|Any CPU
		Release|Any CPU = Release|Any CPU
	EndGlobalSection
	GlobalSection(ProjectConfigurationPlatforms) = postSolution
		{C3D9E4F5-49AD-4B13-88EC-50E372399D39}.Debug|Any CPU.ActiveCfg = Debug|Any CPU
		{C3D9E4F5-49AD-4B13-88EC-50E372399D39}.Debug|Any CPU.Build.0 = Debug|Any CPU
		{C3D9E4F5-49AD-4B13-88EC-50E372399D39}.Release|Any CPU.ActiveCfg = Release|Any CPU
		{C3D9E4F5-49AD-4B13-88EC-50E372399D39}.Release|Any CPU.Build.0 = Release|Any CPU
	EndGlobalSection
	GlobalSection(SolutionProperties) = preSolution
		HideSolutionNode = FALSE
	EndGlobalSection
	GlobalSection(ExtensibilityGlobals) = postSolution
		SolutionGuid = {7BDA991B-F9F2-4A6F-A02B-41B1BE59940D}
	EndGlobalSection
EndGlobal
